
Microsoft Visual Studio Solution File, Format Version 12.00
# Visual Studio Version 17
VisualStudioVersion = 17.13.35919.96 d17.13
MinimumVisualStudioVersion = 10.0.40219.1
Project("{FAE04EC0-301F-11D3-BF4B-00C04F79EFBC}") = "FocusSalesModule", "FocusSalesModule\FocusSalesModule.csproj", "{0CBBF569-49A9-4F3C-9974-A2A12DCD76D7}"
EndProject
Global
	GlobalSection(SolutionConfigurationPlatforms) = preSolution
		Debug|Any CPU = Debug|Any CPU
		Release|Any CPU = Release|Any CPU
	EndGlobalSection
	GlobalSection(ProjectConfigurationPlatforms) = postSolution
		{0CBBF569-49A9-4F3C-9974-A2A12DCD76D7}.Debug|Any CPU.ActiveCfg = Debug|Any CPU
		{0CBBF569-49A9-4F3C-9974-A2A12DCD76D7}.Debug|Any CPU.Build.0 = Debug|Any CPU
		{0CBBF569-49A9-4F3C-9974-A2A12DCD76D7}.Release|Any CPU.ActiveCfg = Release|Any CPU
		{0CBBF569-49A9-4F3C-9974-A2A12DCD76D7}.Release|Any CPU.Build.0 = Release|Any CPU
	EndGlobalSection
	GlobalSection(SolutionProperties) = preSolution
		HideSolutionNode = FALSE
	EndGlobalSection
	GlobalSection(ExtensibilityGlobals) = postSolution
		SolutionGuid = {F15E8FF9-977B-4155-B263-C238A82C44C2}
	EndGlobalSection
EndGlobal
